
Microsoft Visual Studio Solution File, Format Version 12.00
# Visual Studio Version 16
VisualStudioVersion = 16.0.30413.136
MinimumVisualStudioVersion = 10.0.40219.1
Project("{FAE04EC0-301F-11D3-BF4B-00C04F79EFBC}") = "WebServerEmployee", "WebServerEmployee\WebServerEmployee.csproj", "{60B93DD7-5868-4FD4-9370-B1738D1FC80E}"
EndProject
Global
	GlobalSection(SolutionConfigurationPlatforms) = preSolution
		Debug|Any CPU = Debug|Any CPU
		Release|Any CPU = Release|Any CPU
	EndGlobalSection
	GlobalSection(ProjectConfigurationPlatforms) = postSolution
		{60B93DD7-5868-4FD4-9370-B1738D1FC80E}.Debug|Any CPU.ActiveCfg = Debug|Any CPU
		{60B93DD7-5868-4FD4-9370-B1738D1FC80E}.Debug|Any CPU.Build.0 = Debug|Any CPU
		{60B93DD7-5868-4FD4-9370-B1738D1FC80E}.Release|Any CPU.ActiveCfg = Release|Any CPU
		{60B93DD7-5868-4FD4-9370-B1738D1FC80E}.Release|Any CPU.Build.0 = Release|Any CPU
	EndGlobalSection
	GlobalSection(SolutionProperties) = preSolution
		HideSolutionNode = FALSE
	EndGlobalSection
	GlobalSection(ExtensibilityGlobals) = postSolution
		SolutionGuid = {6DE1748E-D643-479D-B996-645DF411910F}
	EndGlobalSection
EndGlobal
